dependencies:
- name: postgresql-ha
  repository: https://charts.bitnami.com/bitnami
  version: 9.4.11
- name: redis
  repository: https://charts.bitnami.com/bitnami
  version: 17.11.2
digest: sha256:5b55e8ead54db8e10d09c7ab40a71bb0abaff5ca9f81bd37aeff2e5943ce4d2b
generated: "2023-11-17T16:00:40.466215916+03:00"
