dependencies:
- name: prometheus-statsd-exporter
  repository: https://prometheus-community.github.io/helm-charts
  version: 0.15.0
- name: opensearch
  repository: https://opensearch-project.github.io/helm-charts
  version: 2.19.0
- name: valkey
  repository: https://charts.bitnami.com/bitnami
  version: 3.0.8
- name: mongodb
  repository: https://charts.bitnami.com/bitnami
  version: 16.5.17
digest: sha256:4bbeaf02b95368ec2c9ec2f7bb4ba37bb9d20ab677149bcfdd6d07efb3cc9ba3
generated: "2025-06-24T12:12:52.702402813+03:00"
