dependencies:
- name: prometheus-statsd-exporter
  repository: https://prometheus-community.github.io/helm-charts
  version: 0.15.0
- name: opensearch
  repository: https://opensearch-project.github.io/helm-charts
  version: 2.19.0
- name: valkey
  repository: https://charts.bitnami.com/bitnami
  version: 3.0.8
- name: mongodb
  repository: https://charts.bitnami.com/bitnami
  version: 16.5.17
digest: sha256:6adf30b87c8a2d3e905e7482e446fecd0817f69acea2a6a6c746111fcfa8bd91
generated: "2025-06-23T15:38:22.045875121+03:00"
