dependencies:
- name: prometheus-statsd-exporter
  repository: https://prometheus-community.github.io/helm-charts
  version: 0.15.0
- name: opensearch
  repository: https://opensearch-project.github.io/helm-charts
  version: 2.19.0
- name: valkey
  repository: https://charts.bitnami.com/bitnami
  version: 3.0.8
- name: mongodb
  repository: https://charts.bitnami.com/bitnami
  version: 16.5.17
digest: sha256:da1ac44cee535c434477a137b6467a02dec947749833d985e112aa89c7917a39
generated: "2025-06-24T12:34:14.389749756+03:00"
