dependencies:
- name: postgresql
  repository: https://charts.bitnami.com/bitnami
  version: 13.4.0
- name: milvus
  repository: https://zilliztech.github.io/milvus-helm/
  version: 4.1.16
digest: sha256:517b6616ca58a98c37993f3c07e7a97e447bf177f0776ea36d34eb94be233333
generated: "2024-01-29T22:14:01.82591+03:00"
