dependencies:
- name: postgresql
  repository: https://charts.bitnami.com/bitnami
  version: 11.9.13
- name: milvus
  repository: https://zilliztech.github.io/milvus-helm/
  version: 4.0.8
digest: sha256:24dc2e90c83eb0ef75982d5106fc4038c43c7681996e25a33a8411443acbb7af
generated: "2023-10-05T17:40:37.497013609+03:00"
