dependencies:
- name: postgresql
  repository: https://charts.bitnami.com/bitnami
  version: 11.9.1
- name: milvus
  repository: https://milvus-io.github.io/milvus-helm
  version: 3.2.6
digest: sha256:b4537c9c1d3f217c9f2ca17e10b47eaf1f8252367085a18daf5da8b96802f181
generated: "2022-10-05T10:27:26.4474966+03:00"
